version = 1
revision = 3
requires-python = ">=3.13"

[[package]]
name = "kazoo"
version = "2.11.0"
source = { registry = "https://repo.splunkdev.net/artifactory/api/pypi/pypi/simple" }
sdist = { url = "https://repo.splunkdev.net/artifactory/api/pypi/pypi/packages/packages/ac/07/2cdc0daaa2199fecaee28ee9051afedeccb46c818b2c47fc32b7383905d5/kazoo-2.11.0.tar.gz", hash = "sha256:57e7e6f69295c8f922511488eeb79680729e14bb8eb382d5cad83aa11345c36c" }
wheels = [
    { url = "https://repo.splunkdev.net/artifactory/api/pypi/pypi/packages/packages/91/b9/5328ff14f7d637ac90f7144d4aad27b17bdd063325c9fb4b88c4e1f109fe/kazoo-2.11.0-py2.py3-none-any.whl", hash = "sha256:aa6be17159540dae4087661b8d4e24c7b58d4dc26170a2d5b8468b06712d84a9" },
]

[[package]]
name = "pyobjc-core"
version = "12.2"
source = { registry = "https://repo.splunkdev.net/artifactory/api/pypi/pypi/simple" }
sdist = { url = "https://repo.splunkdev.net/artifactory/api/pypi/pypi/packages/packages/2a/e8/a6cc12669211e7c9b29e8f26bf2159e67c7a73555dc229018abf46d8167a/pyobjc_core-12.2.tar.gz", hash = "sha256:51d7de4cfa32f508c6a7aac31f131b12d5e196a8dcf588e6e8d7e6337224f66d" }
wheels = [
    { url = "https://repo.splunkdev.net/artifactory/api/pypi/pypi/packages/packages/d6/ed/6e62d038992bc7ef9091d95ec97c3c221686fe52a993a6501e961c757613/pyobjc_core-12.2-cp313-cp313-macosx_10_13_universal2.whl", hash = "sha256:9287c7c46d6ae8676b4c6c0389a8f4b5381f42ae53a47151900c08b157e5a992" },
    { url = "https://repo.splunkdev.net/artifactory/api/pypi/pypi/packages/packages/bf/0b/d492110202f4d1050a5e590620ebd1e730cf89f9880a26cf18205e0f5800/pyobjc_core-12.2-cp313-cp313t-macosx_10_13_universal2.whl", hash = "sha256:515ecf2afe168301feb66a7230d700584ce2e4b8a0ac178e19450b8898384139" },
    { url = "https://repo.splunkdev.net/artifactory/api/pypi/pypi/packages/packages/2e/b2/ecfbd0c80e7688ed6f3db23414758443c69c3a9d318f2036e26530ede955/pyobjc_core-12.2-cp314-cp314-macosx_10_15_universal2.whl", hash = "sha256:a51352e478785cd7fce1604b9902125a286139caea0759cb340e59d75b594992" },
    { url = "https://repo.splunkdev.net/artifactory/api/pypi/pypi/packages/packages/2b/89/ecd5cb62573fba9a95f8bdb838a9860a360907104a0724af6611d3b20512/pyobjc_core-12.2-cp314-cp314t-macosx_10_15_universal2.whl", hash = "sha256:3137b2d14f9f2154fb5b1c092c38d15e164f68ab190c18335d76e4e7e1583f79" },
    { url = "https://repo.splunkdev.net/artifactory/api/pypi/pypi/packages/packages/74/24/5091d156b19df0f657127f42b08eada11c9b9cc5df49fedb91bb354d9821/pyobjc_core-12.2-cp315-cp315-macosx_10_15_universal2.whl", hash = "sha256:1e4216f2ec962dc13cf7f31b9bc3a7190337a0f401e7dc9de6b2d8c08b9dbb7a" },
    { url = "https://repo.splunkdev.net/artifactory/api/pypi/pypi/packages/packages/77/e2/ee91ea8a0ad28e759f351ed8654027c34fc62ad5e207672522025a6a3fc2/pyobjc_core-12.2-cp315-cp315t-macosx_10_15_universal2.whl", hash = "sha256:ac952bac8057dd0b97ee7b311c39f97cad7430b7cfbd67ca0a30135a7d17d2ab" },
]

[[package]]
name = "pyobjc-framework-cocoa"
version = "12.2"
source = { registry = "https://repo.splunkdev.net/artifactory/api/pypi/pypi/simple" }
dependencies = [
    { name = "pyobjc-core" },
]
sdist = { url = "https://repo.splunkdev.net/artifactory/api/pypi/pypi/packages/packages/6d/cc/927169225e72bab9c9b44285656768fb75052a0bc85fdbca62740e1ca43c/pyobjc_framework_cocoa-12.2.tar.gz", hash = "sha256:20b392e2b7241caad0538dfde12143343e5dfe48f72e7df660a7548e635903dc" }
wheels = [
    { url = "https://repo.splunkdev.net/artifactory/api/pypi/pypi/packages/packages/3f/3b/1af2be2bf5204bbcfc94de215d5f87d35348c9982d9b05f54ceefbc53b8f/pyobjc_framework_cocoa-12.2-cp313-cp313-macosx_10_13_universal2.whl", hash = "sha256:f0bbe0abedfb24b11ff6c71e26cdefb0df001c6482f95591fad40c2688c16498" },
    { url = "https://repo.splunkdev.net/artifactory/api/pypi/pypi/packages/packages/41/cb/c0435d64f1199210af36141b90aea2ae3344719f7313d4160b8b0dd527db/pyobjc_framework_cocoa-12.2-cp313-cp313t-macosx_10_13_universal2.whl", hash = "sha256:46b6681e2b21b099ed095339c140f2c8137d6ac5658653166ee90722f9e3c621" },
    { url = "https://repo.splunkdev.net/artifactory/api/pypi/pypi/packages/packages/56/4b/df8e359e5e422e8f1430bde038aa64364e8c1d4542d7f6fcc4f8a97ec0b7/pyobjc_framework_cocoa-12.2-cp314-cp314-macosx_10_15_universal2.whl", hash = "sha256:aecfd44908fa12a9291fb6ca2458ebbc611102de6784f2202a35fd5ed9f56c60" },
    { url = "https://repo.splunkdev.net/artifactory/api/pypi/pypi/packages/packages/43/a2/68c0702cc9d6dbc7077edbd13ccc9aa30ac589d514f51ad6f5c3840e3bf1/pyobjc_framework_cocoa-12.2-cp314-cp314t-macosx_10_15_universal2.whl", hash = "sha256:ef679740f541c52118149b558b757d1f11d9dcf30c2a23344b13a6af6a99a1ab" },
    { url = "https://repo.splunkdev.net/artifactory/api/pypi/pypi/packages/packages/83/c3/e170672302e75cc1aa833546fb0d5a3bd4a126ede4124566d5a2e4a50cd6/pyobjc_framework_cocoa-12.2-cp315-cp315-macosx_10_15_universal2.whl", hash = "sha256:290e544a8c2d0786a34a359d825eaad44ebaaa3b30cdd765b2755422ca39a0d2" },
    { url = "https://repo.splunkdev.net/artifactory/api/pypi/pypi/packages/packages/f7/6b/78e98e4de11646e56cf98066f9f84b43c86adc8b273a660d85a6ceba7a31/pyobjc_framework_cocoa-12.2-cp315-cp315t-macosx_10_15_universal2.whl", hash = "sha256:5a0bed77b0b56074cc2b4564aae3e6e9d5da5fdf93252f50b6dbced0f7fece3a" },
]

[[package]]
name = "zookep-task"
version = "0.1.0"
source = { virtual = "." }
dependencies = [
    { name = "kazoo" },
    { name = "pyobjc-framework-cocoa" },
]

[package.metadata]
requires-dist = [
    { name = "kazoo", specifier = ">=2.10.0" },
    { name = "pyobjc-framework-cocoa", specifier = ">=12.2" },
]
